
Microsoft Visual Studio Solution File, Format Version 12.00
# Visual Studio Version 16
VisualStudioVersion = 16.6.30114.105
MinimumVisualStudioVersion = 10.0.40219.1
Project("{FAE04EC0-301F-11D3-BF4B-00C04F79EFBC}") = "API", "API\API.csproj", "{7407DB35-5992-44C8-A9C0-AEA202DD7599}"
EndProject
Project("{FAE04EC0-301F-11D3-BF4B-00C04F79EFBC}") = "Application", "Application\Application.csproj", "{00C3F472-1DFA-44BC-8FA6-FEA7A6654563}"
EndProject
Project("{FAE04EC0-301F-11D3-BF4B-00C04F79EFBC}") = "Domain", "Domain\Domain.csproj", "{F9234C79-DCAE-49CA-BDD0-463E0D6ED6DF}"
EndProject
Project("{FAE04EC0-301F-11D3-BF4B-00C04F79EFBC}") = "Persistence", "Persistence\Persistence.csproj", "{B83F61DD-83B8-4F2C-A085-EB73F5A5291A}"
EndProject
Global
	GlobalSection(SolutionConfigurationPlatforms) = preSolution
		Debug|Any CPU = Debug|Any CPU
		Debug|x64 = Debug|x64
		Debug|x86 = Debug|x86
		Release|Any CPU = Release|Any CPU
		Release|x64 = Release|x64
		Release|x86 = Release|x86
	EndGlobalSection
	GlobalSection(SolutionProperties) = preSolution
		HideSolutionNode = FALSE
	EndGlobalSection
	GlobalSection(ProjectConfigurationPlatforms) = postSolution
		{7407DB35-5992-44C8-A9C0-AEA202DD7599}.Debug|Any CPU.ActiveCfg = Debug|Any CPU
		{7407DB35-5992-44C8-A9C0-AEA202DD7599}.Debug|Any CPU.Build.0 = Debug|Any CPU
		{7407DB35-5992-44C8-A9C0-AEA202DD7599}.Debug|x64.ActiveCfg = Debug|Any CPU
		{7407DB35-5992-44C8-A9C0-AEA202DD7599}.Debug|x64.Build.0 = Debug|Any CPU
		{7407DB35-5992-44C8-A9C0-AEA202DD7599}.Debug|x86.ActiveCfg = Debug|Any CPU
		{7407DB35-5992-44C8-A9C0-AEA202DD7599}.Debug|x86.Build.0 = Debug|Any CPU
		{7407DB35-5992-44C8-A9C0-AEA202DD7599}.Release|Any CPU.ActiveCfg = Release|Any CPU
		{7407DB35-5992-44C8-A9C0-AEA202DD7599}.Release|Any CPU.Build.0 = Release|Any CPU
		{7407DB35-5992-44C8-A9C0-AEA202DD7599}.Release|x64.ActiveCfg = Release|Any CPU
		{7407DB35-5992-44C8-A9C0-AEA202DD7599}.Release|x64.Build.0 = Release|Any CPU
		{7407DB35-5992-44C8-A9C0-AEA202DD7599}.Release|x86.ActiveCfg = Release|Any CPU
		{7407DB35-5992-44C8-A9C0-AEA202DD7599}.Release|x86.Build.0 = Release|Any CPU
		{00C3F472-1DFA-44BC-8FA6-FEA7A6654563}.Debug|Any CPU.ActiveCfg = Debug|Any CPU
		{00C3F472-1DFA-44BC-8FA6-FEA7A6654563}.Debug|Any CPU.Build.0 = Debug|Any CPU
		{00C3F472-1DFA-44BC-8FA6-FEA7A6654563}.Debug|x64.ActiveCfg = Debug|Any CPU
		{00C3F472-1DFA-44BC-8FA6-FEA7A6654563}.Debug|x64.Build.0 = Debug|Any CPU
		{00C3F472-1DFA-44BC-8FA6-FEA7A6654563}.Debug|x86.ActiveCfg = Debug|Any CPU
		{00C3F472-1DFA-44BC-8FA6-FEA7A6654563}.Debug|x86.Build.0 = Debug|Any CPU
		{00C3F472-1DFA-44BC-8FA6-FEA7A6654563}.Release|Any CPU.ActiveCfg = Release|Any CPU
		{00C3F472-1DFA-44BC-8FA6-FEA7A6654563}.Release|Any CPU.Build.0 = Release|Any CPU
		{00C3F472-1DFA-44BC-8FA6-FEA7A6654563}.Release|x64.ActiveCfg = Release|Any CPU
		{00C3F472-1DFA-44BC-8FA6-FEA7A6654563}.Release|x64.Build.0 = Release|Any CPU
		{00C3F472-1DFA-44BC-8FA6-FEA7A6654563}.Release|x86.ActiveCfg = Release|Any CPU
		{00C3F472-1DFA-44BC-8FA6-FEA7A6654563}.Release|x86.Build.0 = Release|Any CPU
		{F9234C79-DCAE-49CA-BDD0-463E0D6ED6DF}.Debug|Any CPU.ActiveCfg = Debug|Any CPU
		{F9234C79-DCAE-49CA-BDD0-463E0D6ED6DF}.Debug|Any CPU.Build.0 = Debug|Any CPU
		{F9234C79-DCAE-49CA-BDD0-463E0D6ED6DF}.Debug|x64.ActiveCfg = Debug|Any CPU
		{F9234C79-DCAE-49CA-BDD0-463E0D6ED6DF}.Debug|x64.Build.0 = Debug|Any CPU
		{F9234C79-DCAE-49CA-BDD0-463E0D6ED6DF}.Debug|x86.ActiveCfg = Debug|Any CPU
		{F9234C79-DCAE-49CA-BDD0-463E0D6ED6DF}.Debug|x86.Build.0 = Debug|Any CPU
		{F9234C79-DCAE-49CA-BDD0-463E0D6ED6DF}.Release|Any CPU.ActiveCfg = Release|Any CPU
		{F9234C79-DCAE-49CA-BDD0-463E0D6ED6DF}.Release|Any CPU.Build.0 = Release|Any CPU
		{F9234C79-DCAE-49CA-BDD0-463E0D6ED6DF}.Release|x64.ActiveCfg = Release|Any CPU
		{F9234C79-DCAE-49CA-BDD0-463E0D6ED6DF}.Release|x64.Build.0 = Release|Any CPU
		{F9234C79-DCAE-49CA-BDD0-463E0D6ED6DF}.Release|x86.ActiveCfg = Release|Any CPU
		{F9234C79-DCAE-49CA-BDD0-463E0D6ED6DF}.Release|x86.Build.0 = Release|Any CPU
		{B83F61DD-83B8-4F2C-A085-EB73F5A5291A}.Debug|Any CPU.ActiveCfg = Debug|Any CPU
		{B83F61DD-83B8-4F2C-A085-EB73F5A5291A}.Debug|Any CPU.Build.0 = Debug|Any CPU
		{B83F61DD-83B8-4F2C-A085-EB73F5A5291A}.Debug|x64.ActiveCfg = Debug|Any CPU
		{B83F61DD-83B8-4F2C-A085-EB73F5A5291A}.Debug|x64.Build.0 = Debug|Any CPU
		{B83F61DD-83B8-4F2C-A085-EB73F5A5291A}.Debug|x86.ActiveCfg = Debug|Any CPU
		{B83F61DD-83B8-4F2C-A085-EB73F5A5291A}.Debug|x86.Build.0 = Debug|Any CPU
		{B83F61DD-83B8-4F2C-A085-EB73F5A5291A}.Release|Any CPU.ActiveCfg = Release|Any CPU
		{B83F61DD-83B8-4F2C-A085-EB73F5A5291A}.Release|Any CPU.Build.0 = Release|Any CPU
		{B83F61DD-83B8-4F2C-A085-EB73F5A5291A}.Release|x64.ActiveCfg = Release|Any CPU
		{B83F61DD-83B8-4F2C-A085-EB73F5A5291A}.Release|x64.Build.0 = Release|Any CPU
		{B83F61DD-83B8-4F2C-A085-EB73F5A5291A}.Release|x86.ActiveCfg = Release|Any CPU
		{B83F61DD-83B8-4F2C-A085-EB73F5A5291A}.Release|x86.Build.0 = Release|Any CPU
	EndGlobalSection
EndGlobal
